{
  "object": {
    "pins": [
      {
        "package": "ClippingBezier",
        "repositoryURL": "https://github.com/adamwulf/ClippingBezier.git",
        "state": {
          "branch": null,
          "revision": "9cde6dd3396ad59d3636e4c6e3f55847de48bf30",
          "version": "1.2.0"
        }
      },
      {
        "package": "PerformanceBezier",
        "repositoryURL": "https://github.com/adamwulf/PerformanceBezier.git",
        "state": {
          "branch": null,
          "revision": "5737bfcfe7b69ea79a02853f75ae838892f5db51",
          "version": "1.3.0"
        }
      },
      {
        "package": "SwiftToolbox",
        "repositoryURL": "https://github.com/adamwulf/SwiftToolbox.git",
        "state": {
          "branch": "main",
          "revision": "7f3f1c615bf9a1564bea4a6f40051e803757e55a",
          "version": null
        }
      }
    ]
  },
  "version": 1
}
