// !$*UTF8*$!
{
	archiveVersion = 1;
	classes = {
	};
	objectVersion = 55;
	objects = {

/* Begin PBXBuildFile section */
		C5054471270A5C42009E4FA9 /* AppDelegate.swift in Sources */ = {isa = PBXBuildFile; fileRef = C5054470270A5C42009E4FA9 /* AppDelegate.swift */; };
		C5054473270A5C42009E4FA9 /* SceneDelegate.swift in Sources */ = {isa = PBXBuildFile; fileRef = C5054472270A5C42009E4FA9 /* SceneDelegate.swift */; };
		C5054478270A5C42009E4FA9 /* Main.storyboard in Resources */ = {isa = PBXBuildFile; fileRef = C5054476270A5C42009E4FA9 /* Main.storyboard */; };
		C505447A270A5C45009E4FA9 /* Assets.xcassets in Resources */ = {isa = PBXBuildFile; fileRef = C5054479270A5C45009E4FA9 /* Assets.xcassets */; };
		C505447D270A5C45009E4FA9 /* LaunchScreen.storyboard in Resources */ = {isa = PBXBuildFile; fileRef = C505447B270A5C45009E4FA9 /* LaunchScreen.storyboard */; };
		C5054493270A5D13009E4FA9 /* Inkable in Frameworks */ = {isa = PBXBuildFile; productRef = C5054492270A5D13009E4FA9 /* Inkable */; };
		C520F8742895C0630031A0DD /* InkModel.swift in Sources */ = {isa = PBXBuildFile; fileRef = C520F8732895C0630031A0DD /* InkModel.swift */; };
		C520F8762895C7170031A0DD /* ViewSettings.swift in Sources */ = {isa = PBXBuildFile; fileRef = C520F8752895C7170031A0DD /* ViewSettings.swift */; };
		C520F87D289649CA0031A0DD /* Notifications.swift in Sources */ = {isa = PBXBuildFile; fileRef = C520F87C289649CA0031A0DD /* Notifications.swift */; };
		C54CD17A2867BB0C00870745 /* SplitViewController.swift in Sources */ = {isa = PBXBuildFile; fileRef = C54CD1792867BB0C00870745 /* SplitViewController.swift */; };
		C54CD17C2867BB3300870745 /* SettingsViewController.swift in Sources */ = {isa = PBXBuildFile; fileRef = C54CD17B2867BB3300870745 /* SettingsViewController.swift */; };
		C54CD17F2867C3EA00870745 /* PointsView.swift in Sources */ = {isa = PBXBuildFile; fileRef = C54CD17E2867C3EA00870745 /* PointsView.swift */; };
		C54CD1812867CA3000870745 /* PolylineView.swift in Sources */ = {isa = PBXBuildFile; fileRef = C54CD1802867CA3000870745 /* PolylineView.swift */; };
		C54CD1832867CC0000870745 /* BezierView.swift in Sources */ = {isa = PBXBuildFile; fileRef = C54CD1822867CC0000870745 /* BezierView.swift */; };
		C54CD190286A34E300870745 /* EventListViewController.swift in Sources */ = {isa = PBXBuildFile; fileRef = C54CD18F286A34E300870745 /* EventListViewController.swift */; };
		C54CD192286A354200870745 /* InkViewController.swift in Sources */ = {isa = PBXBuildFile; fileRef = C54CD191286A354200870745 /* InkViewController.swift */; };
		C54CD196286A45C800870745 /* UIColor+Extensions.swift in Sources */ = {isa = PBXBuildFile; fileRef = C54CD195286A45C800870745 /* UIColor+Extensions.swift */; };
		C54CD198286B7EB000870745 /* UITouch+Extensions.swift in Sources */ = {isa = PBXBuildFile; fileRef = C54CD197286B7EB000870745 /* UITouch+Extensions.swift */; };
/* End PBXBuildFile section */

/* Begin PBXFileReference section */
		C505446D270A5C42009E4FA9 /* Example.app */ = {isa = PBXFileReference; explicitFileType = wrapper.application; includeInIndex = 0; path = Example.app; sourceTree = BUILT_PRODUCTS_DIR; };
		C5054470270A5C42009E4FA9 /* AppDelegate.swift */ = {isa = PBXFileReference; lastKnownFileType = sourcecode.swift; path = AppDelegate.swift; sourceTree = "<group>"; };
		C5054472270A5C42009E4FA9 /* SceneDelegate.swift */ = {isa = PBXFileReference; lastKnownFileType = sourcecode.swift; path = SceneDelegate.swift; sourceTree = "<group>"; };
		C5054477270A5C42009E4FA9 /* Base */ = {isa = PBXFileReference; lastKnownFileType = file.storyboard; name = Base; path = Base.lproj/Main.storyboard; sourceTree = "<group>"; };
		C5054479270A5C45009E4FA9 /* Assets.xcassets */ = {isa = PBXFileReference; lastKnownFileType = folder.assetcatalog; path = Assets.xcassets; sourceTree = "<group>"; };
		C505447C270A5C45009E4FA9 /* Base */ = {isa = PBXFileReference; lastKnownFileType = file.storyboard; name = Base; path = Base.lproj/LaunchScreen.storyboard; sourceTree = "<group>"; };
		C505447E270A5C45009E4FA9 /* Info.plist */ = {isa = PBXFileReference; lastKnownFileType = text.plist.xml; path = Info.plist; sourceTree = "<group>"; };
		C5054490270A5CB7009E4FA9 /* Inkable */ = {isa = PBXFileReference; lastKnownFileType = folder; name = Inkable; path = ..; sourceTree = "<group>"; };
		C520F8732895C0630031A0DD /* InkModel.swift */ = {isa = PBXFileReference; lastKnownFileType = sourcecode.swift; path = InkModel.swift; sourceTree = "<group>"; };
		C520F8752895C7170031A0DD /* ViewSettings.swift */ = {isa = PBXFileReference; lastKnownFileType = sourcecode.swift; path = ViewSettings.swift; sourceTree = "<group>"; };
		C520F87C289649CA0031A0DD /* Notifications.swift */ = {isa = PBXFileReference; lastKnownFileType = sourcecode.swift; path = Notifications.swift; sourceTree = "<group>"; };
		C54CD1792867BB0C00870745 /* SplitViewController.swift */ = {isa = PBXFileReference; lastKnownFileType = sourcecode.swift; path = SplitViewController.swift; sourceTree = "<group>"; };
		C54CD17B2867BB3300870745 /* SettingsViewController.swift */ = {isa = PBXFileReference; lastKnownFileType = sourcecode.swift; path = SettingsViewController.swift; sourceTree = "<group>"; };
		C54CD17E2867C3EA00870745 /* PointsView.swift */ = {isa = PBXFileReference; lastKnownFileType = sourcecode.swift; path = PointsView.swift; sourceTree = "<group>"; };
		C54CD1802867CA3000870745 /* PolylineView.swift */ = {isa = PBXFileReference; lastKnownFileType = sourcecode.swift; path = PolylineView.swift; sourceTree = "<group>"; };
		C54CD1822867CC0000870745 /* BezierView.swift */ = {isa = PBXFileReference; lastKnownFileType = sourcecode.swift; path = BezierView.swift; sourceTree = "<group>"; };
		C54CD18F286A34E300870745 /* EventListViewController.swift */ = {isa = PBXFileReference; fileEncoding = 4; lastKnownFileType = sourcecode.swift; path = EventListViewController.swift; sourceTree = "<group>"; };
		C54CD191286A354200870745 /* InkViewController.swift */ = {isa = PBXFileReference; fileEncoding = 4; lastKnownFileType = sourcecode.swift; path = InkViewController.swift; sourceTree = "<group>"; };
		C54CD195286A45C800870745 /* UIColor+Extensions.swift */ = {isa = PBXFileReference; lastKnownFileType = sourcecode.swift; path = "UIColor+Extensions.swift"; sourceTree = "<group>"; };
		C54CD197286B7EB000870745 /* UITouch+Extensions.swift */ = {isa = PBXFileReference; lastKnownFileType = sourcecode.swift; path = "UITouch+Extensions.swift"; sourceTree = "<group>"; };
/* End PBXFileReference section */

/* Begin PBXFrameworksBuildPhase section */
		C505446A270A5C42009E4FA9 /* Frameworks */ = {
			isa = PBXFrameworksBuildPhase;
			buildActionMask = 2147483647;
			files = (
				C5054493270A5D13009E4FA9 /* Inkable in Frameworks */,
			);
			runOnlyForDeploymentPostprocessing = 0;
		};
/* End PBXFrameworksBuildPhase section */

/* Begin PBXGroup section */
		C5054464270A5C42009E4FA9 = {
			isa = PBXGroup;
			children = (
				C505448F270A5CB7009E4FA9 /* Packages */,
				C505446F270A5C42009E4FA9 /* Example */,
				C505446E270A5C42009E4FA9 /* Products */,
				C5054491270A5D13009E4FA9 /* Frameworks */,
			);
			sourceTree = "<group>";
		};
		C505446E270A5C42009E4FA9 /* Products */ = {
			isa = PBXGroup;
			children = (
				C505446D270A5C42009E4FA9 /* Example.app */,
			);
			name = Products;
			sourceTree = "<group>";
		};
		C505446F270A5C42009E4FA9 /* Example */ = {
			isa = PBXGroup;
			children = (
				C520F87B289649B60031A0DD /* Model */,
				C54CD194286A45BF00870745 /* Extensions */,
				C54CD17D2867C3E000870745 /* View Layers */,
				C5054470270A5C42009E4FA9 /* AppDelegate.swift */,
				C5054472270A5C42009E4FA9 /* SceneDelegate.swift */,
				C54CD1792867BB0C00870745 /* SplitViewController.swift */,
				C54CD17B2867BB3300870745 /* SettingsViewController.swift */,
				C54CD18F286A34E300870745 /* EventListViewController.swift */,
				C54CD191286A354200870745 /* InkViewController.swift */,
				C5054476270A5C42009E4FA9 /* Main.storyboard */,
				C5054479270A5C45009E4FA9 /* Assets.xcassets */,
				C505447B270A5C45009E4FA9 /* LaunchScreen.storyboard */,
				C505447E270A5C45009E4FA9 /* Info.plist */,
			);
			path = Example;
			sourceTree = "<group>";
		};
		C505448F270A5CB7009E4FA9 /* Packages */ = {
			isa = PBXGroup;
			children = (
				C5054490270A5CB7009E4FA9 /* Inkable */,
			);
			name = Packages;
			sourceTree = "<group>";
		};
		C5054491270A5D13009E4FA9 /* Frameworks */ = {
			isa = PBXGroup;
			children = (
			);
			name = Frameworks;
			sourceTree = "<group>";
		};
		C520F87B289649B60031A0DD /* Model */ = {
			isa = PBXGroup;
			children = (
				C520F8732895C0630031A0DD /* InkModel.swift */,
				C520F8752895C7170031A0DD /* ViewSettings.swift */,
				C520F87C289649CA0031A0DD /* Notifications.swift */,
			);
			path = Model;
			sourceTree = "<group>";
		};
		C54CD17D2867C3E000870745 /* View Layers */ = {
			isa = PBXGroup;
			children = (
				C54CD17E2867C3EA00870745 /* PointsView.swift */,
				C54CD1802867CA3000870745 /* PolylineView.swift */,
				C54CD1822867CC0000870745 /* BezierView.swift */,
			);
			path = "View Layers";
			sourceTree = "<group>";
		};
		C54CD194286A45BF00870745 /* Extensions */ = {
			isa = PBXGroup;
			children = (
				C54CD195286A45C800870745 /* UIColor+Extensions.swift */,
				C54CD197286B7EB000870745 /* UITouch+Extensions.swift */,
			);
			path = Extensions;
			sourceTree = "<group>";
		};
/* End PBXGroup section */

/* Begin PBXNativeTarget section */
		C505446C270A5C42009E4FA9 /* Example */ = {
			isa = PBXNativeTarget;
			buildConfigurationList = C5054481270A5C45009E4FA9 /* Build configuration list for PBXNativeTarget "Example" */;
			buildPhases = (
				C5054469270A5C42009E4FA9 /* Sources */,
				C505446A270A5C42009E4FA9 /* Frameworks */,
				C505446B270A5C42009E4FA9 /* Resources */,
			);
			buildRules = (
			);
			dependencies = (
				C5054495270A5D18009E4FA9 /* PBXTargetDependency */,
			);
			name = Example;
			packageProductDependencies = (
				C5054492270A5D13009E4FA9 /* Inkable */,
			);
			productName = Example;
			productReference = C505446D270A5C42009E4FA9 /* Example.app */;
			productType = "com.apple.product-type.application";
		};
/* End PBXNativeTarget section */

/* Begin PBXProject section */
		C5054465270A5C42009E4FA9 /* Project object */ = {
			isa = PBXProject;
			attributes = {
				BuildIndependentTargetsInParallel = 1;
				LastSwiftUpdateCheck = 1300;
				LastUpgradeCheck = 1600;
				TargetAttributes = {
					C505446C270A5C42009E4FA9 = {
						CreatedOnToolsVersion = 13.0;
					};
				};
			};
			buildConfigurationList = C5054468270A5C42009E4FA9 /* Build configuration list for PBXProject "Example" */;
			compatibilityVersion = "Xcode 13.0";
			developmentRegion = en;
			hasScannedForEncodings = 0;
			knownRegions = (
				en,
				Base,
			);
			mainGroup = C5054464270A5C42009E4FA9;
			productRefGroup = C505446E270A5C42009E4FA9 /* Products */;
			projectDirPath = "";
			projectRoot = "";
			targets = (
				C505446C270A5C42009E4FA9 /* Example */,
			);
		};
/* End PBXProject section */

/* Begin PBXResourcesBuildPhase section */
		C505446B270A5C42009E4FA9 /* Resources */ = {
			isa = PBXResourcesBuildPhase;
			buildActionMask = 2147483647;
			files = (
				C505447D270A5C45009E4FA9 /* LaunchScreen.storyboard in Resources */,
				C505447A270A5C45009E4FA9 /* Assets.xcassets in Resources */,
				C5054478270A5C42009E4FA9 /* Main.storyboard in Resources */,
			);
			runOnlyForDeploymentPostprocessing = 0;
		};
/* End PBXResourcesBuildPhase section */

/* Begin PBXSourcesBuildPhase section */
		C5054469270A5C42009E4FA9 /* Sources */ = {
			isa = PBXSourcesBuildPhase;
			buildActionMask = 2147483647;
			files = (
				C54CD17A2867BB0C00870745 /* SplitViewController.swift in Sources */,
				C5054471270A5C42009E4FA9 /* AppDelegate.swift in Sources */,
				C54CD196286A45C800870745 /* UIColor+Extensions.swift in Sources */,
				C520F8762895C7170031A0DD /* ViewSettings.swift in Sources */,
				C54CD1832867CC0000870745 /* BezierView.swift in Sources */,
				C520F8742895C0630031A0DD /* InkModel.swift in Sources */,
				C54CD192286A354200870745 /* InkViewController.swift in Sources */,
				C5054473270A5C42009E4FA9 /* SceneDelegate.swift in Sources */,
				C520F87D289649CA0031A0DD /* Notifications.swift in Sources */,
				C54CD198286B7EB000870745 /* UITouch+Extensions.swift in Sources */,
				C54CD17C2867BB3300870745 /* SettingsViewController.swift in Sources */,
				C54CD17F2867C3EA00870745 /* PointsView.swift in Sources */,
				C54CD190286A34E300870745 /* EventListViewController.swift in Sources */,
				C54CD1812867CA3000870745 /* PolylineView.swift in Sources */,
			);
			runOnlyForDeploymentPostprocessing = 0;
		};
/* End PBXSourcesBuildPhase section */

/* Begin PBXTargetDependency section */
		C5054495270A5D18009E4FA9 /* PBXTargetDependency */ = {
			isa = PBXTargetDependency;
			productRef = C5054494270A5D18009E4FA9 /* Inkable */;
		};
/* End PBXTargetDependency section */

/* Begin PBXVariantGroup section */
		C5054476270A5C42009E4FA9 /* Main.storyboard */ = {
			isa = PBXVariantGroup;
			children = (
				C5054477270A5C42009E4FA9 /* Base */,
			);
			name = Main.storyboard;
			sourceTree = "<group>";
		};
		C505447B270A5C45009E4FA9 /* LaunchScreen.storyboard */ = {
			isa = PBXVariantGroup;
			children = (
				C505447C270A5C45009E4FA9 /* Base */,
			);
			name = LaunchScreen.storyboard;
			sourceTree = "<group>";
		};
/* End PBXVariantGroup section */

/* Begin XCBuildConfiguration section */
		C505447F270A5C45009E4FA9 /* Debug */ = {
			isa = XCBuildConfiguration;
			buildSettings = {
				ALWAYS_SEARCH_USER_PATHS = NO;
				ASSETCATALOG_COMPILER_GENERATE_SWIFT_ASSET_SYMBOL_EXTENSIONS = YES;
				CLANG_ANALYZER_NONNULL = YES;
				CLANG_ANALYZER_NUMBER_OBJECT_CONVERSION = YES_AGGRESSIVE;
				CLANG_CXX_LANGUAGE_STANDARD = "gnu++17";
				CLANG_CXX_LIBRARY = "libc++";
				CLANG_ENABLE_MODULES = YES;
				CLANG_ENABLE_OBJC_ARC = YES;
				CLANG_ENABLE_OBJC_WEAK = YES;
				CLANG_WARN_BLOCK_CAPTURE_AUTORELEASING = YES;
				CLANG_WARN_BOOL_CONVERSION = YES;
				CLANG_WARN_COMMA = YES;
				CLANG_WARN_CONSTANT_CONVERSION = YES;
				CLANG_WARN_DEPRECATED_OBJC_IMPLEMENTATIONS = YES;
				CLANG_WARN_DIRECT_OBJC_ISA_USAGE = YES_ERROR;
				CLANG_WARN_DOCUMENTATION_COMMENTS = YES;
				CLANG_WARN_EMPTY_BODY = YES;
				CLANG_WARN_ENUM_CONVERSION = YES;
				CLANG_WARN_INFINITE_RECURSION = YES;
				CLANG_WARN_INT_CONVERSION = YES;
				CLANG_WARN_NON_LITERAL_NULL_CONVERSION = YES;
				CLANG_WARN_OBJC_IMPLICIT_RETAIN_SELF = YES;
				CLANG_WARN_OBJC_LITERAL_CONVERSION = YES;
				CLANG_WARN_OBJC_ROOT_CLASS = YES_ERROR;
				CLANG_WARN_QUOTED_INCLUDE_IN_FRAMEWORK_HEADER = YES;
				CLANG_WARN_RANGE_LOOP_ANALYSIS = YES;
				CLANG_WARN_STRICT_PROTOTYPES = YES;
				CLANG_WARN_SUSPICIOUS_MOVE = YES;
				CLANG_WARN_UNGUARDED_AVAILABILITY = YES_AGGRESSIVE;
				CLANG_WARN_UNREACHABLE_CODE = YES;
				CLANG_WARN__DUPLICATE_METHOD_MATCH = YES;
				COPY_PHASE_STRIP = NO;
				DEBUG_INFORMATION_FORMAT = dwarf;
				ENABLE_STRICT_OBJC_MSGSEND = YES;
				ENABLE_TESTABILITY = YES;
				ENABLE_USER_SCRIPT_SANDBOXING = YES;
				GCC_C_LANGUAGE_STANDARD = gnu11;
				GCC_DYNAMIC_NO_PIC = NO;
				GCC_NO_COMMON_BLOCKS = YES;
				GCC_OPTIMIZATION_LEVEL = 0;
				GCC_PREPROCESSOR_DEFINITIONS = (
					"DEBUG=1",
					"$(inherited)",
				);
				GCC_WARN_64_TO_32_BIT_CONVERSION = YES;
				GCC_WARN_ABOUT_RETURN_TYPE = YES_ERROR;
				GCC_WARN_UNDECLARED_SELECTOR = YES;
				GCC_WARN_UNINITIALIZED_AUTOS = YES_AGGRESSIVE;
				GCC_WARN_UNUSED_FUNCTION = YES;
				GCC_WARN_UNUSED_VARIABLE = YES;
				IPHONEOS_DEPLOYMENT_TARGET = 15.0;
				MTL_ENABLE_DEBUG_INFO = INCLUDE_SOURCE;
				MTL_FAST_MATH = YES;
				ONLY_ACTIVE_ARCH = YES;
				SDKROOT = iphoneos;
				SWIFT_ACTIVE_COMPILATION_CONDITIONS = DEBUG;
				SWIFT_OPTIMIZATION_LEVEL = "-Onone";
			};
			name = Debug;
		};
		C5054480270A5C45009E4FA9 /* Release */ = {
			isa = XCBuildConfiguration;
			buildSettings = {
				ALWAYS_SEARCH_USER_PATHS = NO;
				ASSETCATALOG_COMPILER_GENERATE_SWIFT_ASSET_SYMBOL_EXTENSIONS = YES;
				CLANG_ANALYZER_NONNULL = YES;
				CLANG_ANALYZER_NUMBER_OBJECT_CONVERSION = YES_AGGRESSIVE;
				CLANG_CXX_LANGUAGE_STANDARD = "gnu++17";
				CLANG_CXX_LIBRARY = "libc++";
				CLANG_ENABLE_MODULES = YES;
				CLANG_ENABLE_OBJC_ARC = YES;
				CLANG_ENABLE_OBJC_WEAK = YES;
				CLANG_WARN_BLOCK_CAPTURE_AUTORELEASING = YES;
				CLANG_WARN_BOOL_CONVERSION = YES;
				CLANG_WARN_COMMA = YES;
				CLANG_WARN_CONSTANT_CONVERSION = YES;
				CLANG_WARN_DEPRECATED_OBJC_IMPLEMENTATIONS = YES;
				CLANG_WARN_DIRECT_OBJC_ISA_USAGE = YES_ERROR;
				CLANG_WARN_DOCUMENTATION_COMMENTS = YES;
				CLANG_WARN_EMPTY_BODY = YES;
				CLANG_WARN_ENUM_CONVERSION = YES;
				CLANG_WARN_INFINITE_RECURSION = YES;
				CLANG_WARN_INT_CONVERSION = YES;
				CLANG_WARN_NON_LITERAL_NULL_CONVERSION = YES;
				CLANG_WARN_OBJC_IMPLICIT_RETAIN_SELF = YES;
				CLANG_WARN_OBJC_LITERAL_CONVERSION = YES;
				CLANG_WARN_OBJC_ROOT_CLASS = YES_ERROR;
				CLANG_WARN_QUOTED_INCLUDE_IN_FRAMEWORK_HEADER = YES;
				CLANG_WARN_RANGE_LOOP_ANALYSIS = YES;
				CLANG_WARN_STRICT_PROTOTYPES = YES;
				CLANG_WARN_SUSPICIOUS_MOVE = YES;
				CLANG_WARN_UNGUARDED_AVAILABILITY = YES_AGGRESSIVE;
				CLANG_WARN_UNREACHABLE_CODE = YES;
				CLANG_WARN__DUPLICATE_METHOD_MATCH = YES;
				COPY_PHASE_STRIP = NO;
				DEBUG_INFORMATION_FORMAT = "dwarf-with-dsym";
				ENABLE_NS_ASSERTIONS = NO;
				ENABLE_STRICT_OBJC_MSGSEND = YES;
				ENABLE_USER_SCRIPT_SANDBOXING = YES;
				GCC_C_LANGUAGE_STANDARD = gnu11;
				GCC_NO_COMMON_BLOCKS = YES;
				GCC_WARN_64_TO_32_BIT_CONVERSION = YES;
				GCC_WARN_ABOUT_RETURN_TYPE = YES_ERROR;
				GCC_WARN_UNDECLARED_SELECTOR = YES;
				GCC_WARN_UNINITIALIZED_AUTOS = YES_AGGRESSIVE;
				GCC_WARN_UNUSED_FUNCTION = YES;
				GCC_WARN_UNUSED_VARIABLE = YES;
				IPHONEOS_DEPLOYMENT_TARGET = 15.0;
				MTL_ENABLE_DEBUG_INFO = NO;
				MTL_FAST_MATH = YES;
				SDKROOT = iphoneos;
				SWIFT_COMPILATION_MODE = wholemodule;
				SWIFT_OPTIMIZATION_LEVEL = "-O";
				VALIDATE_PRODUCT = YES;
			};
			name = Release;
		};
		C5054482270A5C45009E4FA9 /* Debug */ = {
			isa = XCBuildConfiguration;
			buildSettings = {
				ASSETCATALOG_COMPILER_APPICON_NAME = AppIcon;
				ASSETCATALOG_COMPILER_GLOBAL_ACCENT_COLOR_NAME = AccentColor;
				CODE_SIGN_STYLE = Automatic;
				CURRENT_PROJECT_VERSION = 1;
				DEVELOPMENT_TEAM = T68Z94627S;
				GENERATE_INFOPLIST_FILE = YES;
				INFOPLIST_FILE = Example/Info.plist;
				INFOPLIST_KEY_UIApplicationSupportsIndirectInputEvents = YES;
				INFOPLIST_KEY_UILaunchStoryboardName = LaunchScreen;
				INFOPLIST_KEY_UIMainStoryboardFile = Main;
				INFOPLIST_KEY_UISupportedInterfaceOrientations_iPad = "UIInterfaceOrientationPortrait UIInterfaceOrientationPortraitUpsideDown UIInterfaceOrientationLandscapeLeft UIInterfaceOrientationLandscapeRight";
				INFOPLIST_KEY_UISupportedInterfaceOrientations_iPhone = "UIInterfaceOrientationPortrait UIInterfaceOrientationLandscapeLeft UIInterfaceOrientationLandscapeRight";
				LD_RUNPATH_SEARCH_PATHS = (
					"$(inherited)",
					"@executable_path/Frameworks",
				);
				MARKETING_VERSION = 1.0;
				PRODUCT_BUNDLE_IDENTIFIER = com.milestonemade.Example;
				PRODUCT_NAME = "$(TARGET_NAME)";
				SWIFT_EMIT_LOC_STRINGS = YES;
				SWIFT_VERSION = 5.0;
				TARGETED_DEVICE_FAMILY = "1,2";
			};
			name = Debug;
		};
		C5054483270A5C45009E4FA9 /* Release */ = {
			isa = XCBuildConfiguration;
			buildSettings = {
				ASSETCATALOG_COMPILER_APPICON_NAME = AppIcon;
				ASSETCATALOG_COMPILER_GLOBAL_ACCENT_COLOR_NAME = AccentColor;
				CODE_SIGN_STYLE = Automatic;
				CURRENT_PROJECT_VERSION = 1;
				DEVELOPMENT_TEAM = T68Z94627S;
				GENERATE_INFOPLIST_FILE = YES;
				INFOPLIST_FILE = Example/Info.plist;
				INFOPLIST_KEY_UIApplicationSupportsIndirectInputEvents = YES;
				INFOPLIST_KEY_UILaunchStoryboardName = LaunchScreen;
				INFOPLIST_KEY_UIMainStoryboardFile = Main;
				INFOPLIST_KEY_UISupportedInterfaceOrientations_iPad = "UIInterfaceOrientationPortrait UIInterfaceOrientationPortraitUpsideDown UIInterfaceOrientationLandscapeLeft UIInterfaceOrientationLandscapeRight";
				INFOPLIST_KEY_UISupportedInterfaceOrientations_iPhone = "UIInterfaceOrientationPortrait UIInterfaceOrientationLandscapeLeft UIInterfaceOrientationLandscapeRight";
				LD_RUNPATH_SEARCH_PATHS = (
					"$(inherited)",
					"@executable_path/Frameworks",
				);
				MARKETING_VERSION = 1.0;
				PRODUCT_BUNDLE_IDENTIFIER = com.milestonemade.Example;
				PRODUCT_NAME = "$(TARGET_NAME)";
				SWIFT_EMIT_LOC_STRINGS = YES;
				SWIFT_VERSION = 5.0;
				TARGETED_DEVICE_FAMILY = "1,2";
			};
			name = Release;
		};
/* End XCBuildConfiguration section */

/* Begin XCConfigurationList section */
		C5054468270A5C42009E4FA9 /* Build configuration list for PBXProject "Example" */ = {
			isa = XCConfigurationList;
			buildConfigurations = (
				C505447F270A5C45009E4FA9 /* Debug */,
				C5054480270A5C45009E4FA9 /* Release */,
			);
			defaultConfigurationIsVisible = 0;
			defaultConfigurationName = Release;
		};
		C5054481270A5C45009E4FA9 /* Build configuration list for PBXNativeTarget "Example" */ = {
			isa = XCConfigurationList;
			buildConfigurations = (
				C5054482270A5C45009E4FA9 /* Debug */,
				C5054483270A5C45009E4FA9 /* Release */,
			);
			defaultConfigurationIsVisible = 0;
			defaultConfigurationName = Release;
		};
/* End XCConfigurationList section */

/* Begin XCSwiftPackageProductDependency section */
		C5054492270A5D13009E4FA9 /* Inkable */ = {
			isa = XCSwiftPackageProductDependency;
			productName = Inkable;
		};
		C5054494270A5D18009E4FA9 /* Inkable */ = {
			isa = XCSwiftPackageProductDependency;
			productName = Inkable;
		};
/* End XCSwiftPackageProductDependency section */
	};
	rootObject = C5054465270A5C42009E4FA9 /* Project object */;
}
