{
  "object": {
    "pins": [
      {
        "package": "ClippingBezier",
        "repositoryURL": "https://github.com/adamwulf/ClippingBezier.git",
        "state": {
          "branch": null,
          "revision": "b6405e29fc840f89869cbfcbc5ee34ef9d5dfafe",
          "version": "1.2.2"
        }
      },
      {
        "package": "PerformanceBezier",
        "repositoryURL": "https://github.com/adamwulf/PerformanceBezier.git",
        "state": {
          "branch": null,
          "revision": "b3cc82221836a8ce1f0692033d58b1ff836c57f8",
          "version": "1.3.2"
        }
      },
      {
        "package": "SwiftToolbox",
        "repositoryURL": "https://github.com/adamwulf/SwiftToolbox.git",
        "state": {
          "branch": "main",
          "revision": "3d61c6933e8888653b3dc95b1f56cf6f917b5963",
          "version": null
        }
      }
    ]
  },
  "version": 1
}
